<?xml version="1.0" encoding="utf-8"?>
<Project ToolsVersion="4.0" xmlns="http://schemas.microsoft.com/developer/msbuild/2003">
  <ItemGroup>
    <Filter Include="Source Files">
      <UniqueIdentifier>{4FC737F1-C7A5-4376-A066-2A32D752A2FF}</UniqueIdentifier>
      <Extensions>cpp;c;cc;cxx;def;odl;idl;hpj;bat;asm;asmx</Extensions>
    </Filter>
    <Filter Include="Header Files">
      <UniqueIdentifier>{93995380-89BD-4b04-88EB-625FBE52EBFB}</UniqueIdentifier>
      <Extensions>h;hh;hpp;hxx;hm;inl;inc;xsd</Extensions>
    </Filter>
    <Filter Include="Resource Files">
      <UniqueIdentifier>{67DA6AB6-F800-4c08-8B7A-83BB121AAD01}</UniqueIdentifier>
      <Extensions>rc;ico;cur;bmp;dlg;rc2;rct;bin;rgs;gif;jpg;jpeg;jpe;resx;tiff;tif;png;wav;mfcribbon-ms</Extensions>
    </Filter>
    <Filter Include="Assets">
      <UniqueIdentifier>{f5555cc3-33ba-4ec5-9938-b2dca0897ea9}</UniqueIdentifier>
    </Filter>
    <Filter Include="Assets\Textures">
      <UniqueIdentifier>{7959acc6-0983-4ecb-82f0-5c8d4d0347bf}</UniqueIdentifier>
    </Filter>
    <Filter Include="Assets\Fonts">
      <UniqueIdentifier>{a0c40dbb-452e-48ee-8611-4c8e6663f05d}</UniqueIdentifier>
    </Filter>
    <Filter Include="Resource Files\ASSETS">
      <UniqueIdentifier>{9226b853-56d3-4bf1-abd5-201598aa3204}</UniqueIdentifier>
    </Filter>
    <Filter Include="Resource Files\ASSETS\TEXTURES">
      <UniqueIdentifier>{8053dcc9-9e27-429f-ae19-bf1e9e64e8e6}</UniqueIdentifier>
    </Filter>
    <Filter Include="Resource Files\ASSETS\SHADERS">
      <UniqueIdentifier>{c0d47d0c-3b3e-4df8-9da2-0f2f7c5ce3d6}</UniqueIdentifier>
    </Filter>
    <Filter Include="Source Files\Environment">
      <UniqueIdentifier>{afa51ff3-4fd7-49f9-9bcc-38d42452601c}</UniqueIdentifier>
    </Filter>
    <Filter Include="Header Files\Environment">
      <UniqueIdentifier>{bb8d4b7d-1596-4bec-8829-0213e9f89018}</UniqueIdentifier>
    </Filter>
    <Filter Include="Header Files\Maths">
      <UniqueIdentifier>{a9b37063-fe9c-407d-a017-266f68eff88f}</UniqueIdentifier>
    </Filter>
    <Filter Include="Source Files\Maths">
      <UniqueIdentifier>{462d8822-417d-4ecf-8654-a4142cb26345}</UniqueIdentifier>
    </Filter>
    <Filter Include="Header Files\Game Object">
      <UniqueIdentifier>{337251fe-b7b6-46f6-9f15-8299778fc8a4}</UniqueIdentifier>
    </Filter>
    <Filter Include="Source Files\Game Object">
      <UniqueIdentifier>{65e5d364-4571-4cac-beb9-c3f95ec0af7d}</UniqueIdentifier>
    </Filter>
    <Filter Include="Header Files\Texturing">
      <UniqueIdentifier>{15e6efe8-2c03-403f-a4c2-35d84a7ee2ef}</UniqueIdentifier>
    </Filter>
    <Filter Include="Source Files\Texturing">
      <UniqueIdentifier>{832129d1-9b79-4a91-8a8f-b8f2d5e33f66}</UniqueIdentifier>
    </Filter>
    <Filter Include="Header Files\Collisions">
      <UniqueIdentifier>{f6e8b5bc-f14a-4f81-ab89-0dac665cd76a}</UniqueIdentifier>
    </Filter>
    <Filter Include="Source Files\Collisions">
      <UniqueIdentifier>{fe4fce3d-046b-422f-ba8e-3f4bafffdac8}</UniqueIdentifier>
    </Filter>
    <Filter Include="Resource Files\ASSETS\AUDIO">
      <UniqueIdentifier>{e768a5af-8b60-4e22-8c14-4889b437db43}</UniqueIdentifier>
    </Filter>
  </ItemGroup>
  <ItemGroup>
    <ClInclude Include="Debug.h">
      <Filter>Header Files</Filter>
    </ClInclude>
    <ClInclude Include="Game.h">
      <Filter>Header Files</Filter>
    </ClInclude>
    <ClInclude Include="GLOBALS.h">
      <Filter>Header Files</Filter>
    </ClInclude>
    <ClInclude Include="Clouds.h">
      <Filter>Header Files\Environment</Filter>
    </ClInclude>
    <ClInclude Include="Lightning.h">
      <Filter>Header Files\Environment</Filter>
    </ClInclude>
    <ClInclude Include="CoordinateConverter.h">
      <Filter>Header Files\Maths</Filter>
    </ClInclude>
    <ClInclude Include="tinyc2.h">
      <Filter>Header Files\Maths</Filter>
    </ClInclude>
    <ClInclude Include="GameObject.h">
      <Filter>Header Files\Game Object</Filter>
    </ClInclude>
    <ClInclude Include="Cube.h">
      <Filter>Header Files\Game Object</Filter>
    </ClInclude>
    <ClInclude Include="stb_image.h">
      <Filter>Header Files\Texturing</Filter>
    </ClInclude>
    <ClInclude Include="CollisionHandler.h">
      <Filter>Header Files\Collisions</Filter>
    </ClInclude>
    <ClInclude Include="GameObjectPool.h">
      <Filter>Header Files</Filter>
    </ClInclude>
  </ItemGroup>
  <ItemGroup>
    <ClCompile Include="Game.cpp">
      <Filter>Source Files</Filter>
    </ClCompile>
    <ClCompile Include="main.cpp">
      <Filter>Source Files</Filter>
    </ClCompile>
    <ClCompile Include="Clouds.cpp">
      <Filter>Source Files\Environment</Filter>
    </ClCompile>
    <ClCompile Include="Lightning.cpp">
      <Filter>Source Files\Environment</Filter>
    </ClCompile>
    <ClCompile Include="CoordinateConverter.cpp">
      <Filter>Source Files\Maths</Filter>
    </ClCompile>
    <ClCompile Include="GameObject.cpp">
      <Filter>Source Files\Game Object</Filter>
    </ClCompile>
    <ClCompile Include="stb_image.c">
      <Filter>Source Files\Texturing</Filter>
    </ClCompile>
    <ClCompile Include="CollisionHandler.cpp">
      <Filter>Source Files\Collisions</Filter>
    </ClCompile>
    <ClCompile Include="GameObjectPool.cpp">
      <Filter>Source Files</Filter>
    </ClCompile>
  </ItemGroup>
  <ItemGroup>
    <None Include="Assets\Textures\cube.pdn">
      <Filter>Assets\Textures</Filter>
    </None>
    <None Include="ASSETS\SHADERS\frag.shader">
      <Filter>Resource Files\ASSETS\SHADERS</Filter>
    </None>
    <None Include="ASSETS\SHADERS\vert.shader">
      <Filter>Resource Files\ASSETS\SHADERS</Filter>
    </None>
  </ItemGroup>
  <ItemGroup>
    <Image Include="Assets\Textures\coordinates.tga">
      <Filter>Assets\Textures</Filter>
    </Image>
    <Image Include="Assets\Textures\cube.png">
      <Filter>Assets\Textures</Filter>
    </Image>
    <Image Include="Assets\Textures\cube.tga">
      <Filter>Assets\Textures</Filter>
    </Image>
    <Image Include="Assets\Textures\grid.tga">
      <Filter>Assets\Textures</Filter>
    </Image>
    <Image Include="Assets\Textures\grid_wip.tga">
      <Filter>Assets\Textures</Filter>
    </Image>
    <Image Include="Assets\Textures\minecraft.tga">
      <Filter>Assets\Textures</Filter>
    </Image>
    <Image Include="Assets\Textures\texture.tga">
      <Filter>Assets\Textures</Filter>
    </Image>
    <Image Include="Assets\Textures\texture_2.tga">
      <Filter>Assets\Textures</Filter>
    </Image>
    <Image Include="Assets\Textures\uvtemplate.tga">
      <Filter>Assets\Textures</Filter>
    </Image>
    <Image Include="ASSETS\TEXTURES\cloud.png">
      <Filter>Resource Files\ASSETS\TEXTURES</Filter>
    </Image>
    <Image Include="ASSETS\TEXTURES\background.png">
      <Filter>Resource Files\ASSETS\TEXTURES</Filter>
    </Image>
  </ItemGroup>
  <ItemGroup>
    <Font Include="Assets\Fonts\BBrick.ttf">
      <Filter>Assets\Fonts</Filter>
    </Font>
  </ItemGroup>
  <ItemGroup>
    <Media Include="ASSETS\AUDIO\thunder.wav">
      <Filter>Resource Files\ASSETS\AUDIO</Filter>
    </Media>
    <Media Include="ASSETS\AUDIO\lightning.wav">
      <Filter>Resource Files\ASSETS\AUDIO</Filter>
    </Media>
  </ItemGroup>
</Project>